// !$*UTF8*$!
{
	archiveVersion = 1;
	classes = {
	};
	objectVersion = 48;
	objects = {

/* Begin PBXBuildFile section */
		4D2CD4342022D9D90050EF57 /* SettingsViewController.swift in Sources */ = {isa = PBXBuildFile; fileRef = 4D2CD4332022D9D90050EF57 /* SettingsViewController.swift */; };
		4DA4E4B72022366C009A8AAF /* PracticeViewController.swift in Sources */ = {isa = PBXBuildFile; fileRef = 4DA4E4B62022366C009A8AAF /* PracticeViewController.swift */; };
		4DB72487201D064C00D67B69 /* AppDelegate.swift in Sources */ = {isa = PBXBuildFile; fileRef = 4DB72486201D064C00D67B69 /* AppDelegate.swift */; };
		4DB72489201D064C00D67B69 /* LearnViewController.swift in Sources */ = {isa = PBXBuildFile; fileRef = 4DB72488201D064C00D67B69 /* LearnViewController.swift */; };
		4DB7248C201D064C00D67B69 /* Main.storyboard in Resources */ = {isa = PBXBuildFile; fileRef = 4DB7248A201D064C00D67B69 /* Main.storyboard */; };
		4DB7248F201D064C00D67B69 /* Articulate.xcdatamodeld in Sources */ = {isa = PBXBuildFile; fileRef = 4DB7248D201D064C00D67B69 /* Articulate.xcdatamodeld */; };
		4DB72491201D064C00D67B69 /* Assets.xcassets in Resources */ = {isa = PBXBuildFile; fileRef = 4DB72490201D064C00D67B69 /* Assets.xcassets */; };
		4DB72494201D064C00D67B69 /* LaunchScreen.storyboard in Resources */ = {isa = PBXBuildFile; fileRef = 4DB72492201D064C00D67B69 /* LaunchScreen.storyboard */; };
		4DB7249F201D064C00D67B69 /* ArticulateTests.swift in Sources */ = {isa = PBXBuildFile; fileRef = 4DB7249E201D064C00D67B69 /* ArticulateTests.swift */; };
		4DB724AA201D064C00D67B69 /* ArticulateUITests.swift in Sources */ = {isa = PBXBuildFile; fileRef = 4DB724A9201D064C00D67B69 /* ArticulateUITests.swift */; };
		4DB724B9201D0D2800D67B69 /* Speech.framework in Frameworks */ = {isa = PBXBuildFile; fileRef = 4DB724B8201D0D2700D67B69 /* Speech.framework */; };
/* End PBXBuildFile section */

/* Begin PBXContainerItemProxy section */
		4DB7249B201D064C00D67B69 /* PBXContainerItemProxy */ = {
			isa = PBXContainerItemProxy;
			containerPortal = 4DB7247B201D064C00D67B69 /* Project object */;
			proxyType = 1;
			remoteGlobalIDString = 4DB72482201D064C00D67B69;
			remoteInfo = Articulate;
		};
		4DB724A6201D064C00D67B69 /* PBXContainerItemProxy */ = {
			isa = PBXContainerItemProxy;
			containerPortal = 4DB7247B201D064C00D67B69 /* Project object */;
			proxyType = 1;
			remoteGlobalIDString = 4DB72482201D064C00D67B69;
			remoteInfo = Articulate;
		};
/* End PBXContainerItemProxy section */

/* Begin PBXFileReference section */
		4D2CD4332022D9D90050EF57 /* SettingsViewController.swift */ = {isa = PBXFileReference; lastKnownFileType = sourcecode.swift; path = SettingsViewController.swift; sourceTree = "<group>"; };
		4DA4E4B62022366C009A8AAF /* PracticeViewController.swift */ = {isa = PBXFileReference; lastKnownFileType = sourcecode.swift; path = PracticeViewController.swift; sourceTree = "<group>"; };
		4DB72483201D064C00D67B69 /* Articulate.app */ = {isa = PBXFileReference; explicitFileType = wrapper.application; includeInIndex = 0; path = Articulate.app; sourceTree = BUILT_PRODUCTS_DIR; };
		4DB72486201D064C00D67B69 /* AppDelegate.swift */ = {isa = PBXFileReference; lastKnownFileType = sourcecode.swift; path = AppDelegate.swift; sourceTree = "<group>"; };
		4DB72488201D064C00D67B69 /* LearnViewController.swift */ = {isa = PBXFileReference; lastKnownFileType = sourcecode.swift; path = LearnViewController.swift; sourceTree = "<group>"; };
		4DB7248B201D064C00D67B69 /* Base */ = {isa = PBXFileReference; lastKnownFileType = file.storyboard; name = Base; path = Base.lproj/Main.storyboard; sourceTree = "<group>"; };
		4DB7248E201D064C00D67B69 /* Articulate.xcdatamodel */ = {isa = PBXFileReference; lastKnownFileType = wrapper.xcdatamodel; path = Articulate.xcdatamodel; sourceTree = "<group>"; };
		4DB72490201D064C00D67B69 /* Assets.xcassets */ = {isa = PBXFileReference; lastKnownFileType = folder.assetcatalog; path = Assets.xcassets; sourceTree = "<group>"; };
		4DB72493201D064C00D67B69 /* Base */ = {isa = PBXFileReference; lastKnownFileType = file.storyboard; name = Base; path = Base.lproj/LaunchScreen.storyboard; sourceTree = "<group>"; };
		4DB72495201D064C00D67B69 /* Info.plist */ = {isa = PBXFileReference; lastKnownFileType = text.plist.xml; path = Info.plist; sourceTree = "<group>"; };
		4DB7249A201D064C00D67B69 /* ArticulateTests.xctest */ = {isa = PBXFileReference; explicitFileType = wrapper.cfbundle; includeInIndex = 0; path = ArticulateTests.xctest; sourceTree = BUILT_PRODUCTS_DIR; };
		4DB7249E201D064C00D67B69 /* ArticulateTests.swift */ = {isa = PBXFileReference; lastKnownFileType = sourcecode.swift; path = ArticulateTests.swift; sourceTree = "<group>"; };
		4DB724A0201D064C00D67B69 /* Info.plist */ = {isa = PBXFileReference; lastKnownFileType = text.plist.xml; path = Info.plist; sourceTree = "<group>"; };
		4DB724A5201D064C00D67B69 /* ArticulateUITests.xctest */ = {isa = PBXFileReference; explicitFileType = wrapper.cfbundle; includeInIndex = 0; path = ArticulateUITests.xctest; sourceTree = BUILT_PRODUCTS_DIR; };
		4DB724A9201D064C00D67B69 /* ArticulateUITests.swift */ = {isa = PBXFileReference; lastKnownFileType = sourcecode.swift; path = ArticulateUITests.swift; sourceTree = "<group>"; };
		4DB724AB201D064C00D67B69 /* Info.plist */ = {isa = PBXFileReference; lastKnownFileType = text.plist.xml; path = Info.plist; sourceTree = "<group>"; };
		4DB724B8201D0D2700D67B69 /* Speech.framework */ = {isa = PBXFileReference; lastKnownFileType = wrapper.framework; name = Speech.framework; path = System/Library/Frameworks/Speech.framework; sourceTree = SDKROOT; };
/* End PBXFileReference section */

/* Begin PBXFrameworksBuildPhase section */
		4DB72480201D064C00D67B69 /* Frameworks */ = {
			isa = PBXFrameworksBuildPhase;
			buildActionMask = 2147483647;
			files = (
				4DB724B9201D0D2800D67B69 /* Speech.framework in Frameworks */,
			);
			runOnlyForDeploymentPostprocessing = 0;
		};
		4DB72497201D064C00D67B69 /* Frameworks */ = {
			isa = PBXFrameworksBuildPhase;
			buildActionMask = 2147483647;
			files = (
			);
			runOnlyForDeploymentPostprocessing = 0;
		};
		4DB724A2201D064C00D67B69 /* Frameworks */ = {
			isa = PBXFrameworksBuildPhase;
			buildActionMask = 2147483647;
			files = (
			);
			runOnlyForDeploymentPostprocessing = 0;
		};
/* End PBXFrameworksBuildPhase section */

/* Begin PBXGroup section */
		4DB7247A201D064C00D67B69 = {
			isa = PBXGroup;
			children = (
				4DB72485201D064C00D67B69 /* Articulate */,
				4DB7249D201D064C00D67B69 /* ArticulateTests */,
				4DB724A8201D064C00D67B69 /* ArticulateUITests */,
				4DB72484201D064C00D67B69 /* Products */,
				4DB724B7201D0D2700D67B69 /* Frameworks */,
			);
			sourceTree = "<group>";
		};
		4DB72484201D064C00D67B69 /* Products */ = {
			isa = PBXGroup;
			children = (
				4DB72483201D064C00D67B69 /* Articulate.app */,
				4DB7249A201D064C00D67B69 /* ArticulateTests.xctest */,
				4DB724A5201D064C00D67B69 /* ArticulateUITests.xctest */,
			);
			name = Products;
			sourceTree = "<group>";
		};
		4DB72485201D064C00D67B69 /* Articulate */ = {
			isa = PBXGroup;
			children = (
				4DB72486201D064C00D67B69 /* AppDelegate.swift */,
				4DB72488201D064C00D67B69 /* LearnViewController.swift */,
				4D2CD4332022D9D90050EF57 /* SettingsViewController.swift */,
				4DB7248A201D064C00D67B69 /* Main.storyboard */,
				4DA4E4B62022366C009A8AAF /* PracticeViewController.swift */,
				4DB72490201D064C00D67B69 /* Assets.xcassets */,
				4DB72492201D064C00D67B69 /* LaunchScreen.storyboard */,
				4DB72495201D064C00D67B69 /* Info.plist */,
				4DB7248D201D064C00D67B69 /* Articulate.xcdatamodeld */,
			);
			path = Articulate;
			sourceTree = "<group>";
		};
		4DB7249D201D064C00D67B69 /* ArticulateTests */ = {
			isa = PBXGroup;
			children = (
				4DB7249E201D064C00D67B69 /* ArticulateTests.swift */,
				4DB724A0201D064C00D67B69 /* Info.plist */,
			);
			path = ArticulateTests;
			sourceTree = "<group>";
		};
		4DB724A8201D064C00D67B69 /* ArticulateUITests */ = {
			isa = PBXGroup;
			children = (
				4DB724A9201D064C00D67B69 /* ArticulateUITests.swift */,
				4DB724AB201D064C00D67B69 /* Info.plist */,
			);
			path = ArticulateUITests;
			sourceTree = "<group>";
		};
		4DB724B7201D0D2700D67B69 /* Frameworks */ = {
			isa = PBXGroup;
			children = (
				4DB724B8201D0D2700D67B69 /* Speech.framework */,
			);
			name = Frameworks;
			sourceTree = "<group>";
		};
/* End PBXGroup section */

/* Begin PBXNativeTarget section */
		4DB72482201D064C00D67B69 /* Articulate */ = {
			isa = PBXNativeTarget;
			buildConfigurationList = 4DB724AE201D064C00D67B69 /* Build configuration list for PBXNativeTarget "Articulate" */;
			buildPhases = (
				4DB7247F201D064C00D67B69 /* Sources */,
				4DB72480201D064C00D67B69 /* Frameworks */,
				4DB72481201D064C00D67B69 /* Resources */,
			);
			buildRules = (
			);
			dependencies = (
			);
			name = Articulate;
			productName = Articulate;
			productReference = 4DB72483201D064C00D67B69 /* Articulate.app */;
			productType = "com.apple.product-type.application";
		};
		4DB72499201D064C00D67B69 /* ArticulateTests */ = {
			isa = PBXNativeTarget;
			buildConfigurationList = 4DB724B1201D064C00D67B69 /* Build configuration list for PBXNativeTarget "ArticulateTests" */;
			buildPhases = (
				4DB72496201D064C00D67B69 /* Sources */,
				4DB72497201D064C00D67B69 /* Frameworks */,
				4DB72498201D064C00D67B69 /* Resources */,
			);
			buildRules = (
			);
			dependencies = (
				4DB7249C201D064C00D67B69 /* PBXTargetDependency */,
			);
			name = ArticulateTests;
			productName = ArticulateTests;
			productReference = 4DB7249A201D064C00D67B69 /* ArticulateTests.xctest */;
			productType = "com.apple.product-type.bundle.unit-test";
		};
		4DB724A4201D064C00D67B69 /* ArticulateUITests */ = {
			isa = PBXNativeTarget;
			buildConfigurationList = 4DB724B4201D064C00D67B69 /* Build configuration list for PBXNativeTarget "ArticulateUITests" */;
			buildPhases = (
				4DB724A1201D064C00D67B69 /* Sources */,
				4DB724A2201D064C00D67B69 /* Frameworks */,
				4DB724A3201D064C00D67B69 /* Resources */,
			);
			buildRules = (
			);
			dependencies = (
				4DB724A7201D064C00D67B69 /* PBXTargetDependency */,
			);
			name = ArticulateUITests;
			productName = ArticulateUITests;
			productReference = 4DB724A5201D064C00D67B69 /* ArticulateUITests.xctest */;
			productType = "com.apple.product-type.bundle.ui-testing";
		};
/* End PBXNativeTarget section */

/* Begin PBXProject section */
		4DB7247B201D064C00D67B69 /* Project object */ = {
			isa = PBXProject;
			attributes = {
				LastSwiftUpdateCheck = 0920;
				LastUpgradeCheck = 0920;
				ORGANIZATIONNAME = "Conor Smith";
				TargetAttributes = {
					4DB72482201D064C00D67B69 = {
						CreatedOnToolsVersion = 9.2;
						ProvisioningStyle = Automatic;
					};
					4DB72499201D064C00D67B69 = {
						CreatedOnToolsVersion = 9.2;
						ProvisioningStyle = Automatic;
						TestTargetID = 4DB72482201D064C00D67B69;
					};
					4DB724A4201D064C00D67B69 = {
						CreatedOnToolsVersion = 9.2;
						ProvisioningStyle = Automatic;
						TestTargetID = 4DB72482201D064C00D67B69;
					};
				};
			};
			buildConfigurationList = 4DB7247E201D064C00D67B69 /* Build configuration list for PBXProject "Articulate" */;
			compatibilityVersion = "Xcode 8.0";
			developmentRegion = en;
			hasScannedForEncodings = 0;
			knownRegions = (
				en,
				Base,
			);
			mainGroup = 4DB7247A201D064C00D67B69;
			productRefGroup = 4DB72484201D064C00D67B69 /* Products */;
			projectDirPath = "";
			projectRoot = "";
			targets = (
				4DB72482201D064C00D67B69 /* Articulate */,
				4DB72499201D064C00D67B69 /* ArticulateTests */,
				4DB724A4201D064C00D67B69 /* ArticulateUITests */,
			);
		};
/* End PBXProject section */

/* Begin PBXResourcesBuildPhase section */
		4DB72481201D064C00D67B69 /* Resources */ = {
			isa = PBXResourcesBuildPhase;
			buildActionMask = 2147483647;
			files = (
				4DB72494201D064C00D67B69 /* LaunchScreen.storyboard in Resources */,
				4DB72491201D064C00D67B69 /* Assets.xcassets in Resources */,
				4DB7248C201D064C00D67B69 /* Main.storyboard in Resources */,
			);
			runOnlyForDeploymentPostprocessing = 0;
		};
		4DB72498201D064C00D67B69 /* Resources */ = {
			isa = PBXResourcesBuildPhase;
			buildActionMask = 2147483647;
			files = (
			);
			runOnlyForDeploymentPostprocessing = 0;
		};
		4DB724A3201D064C00D67B69 /* Resources */ = {
			isa = PBXResourcesBuildPhase;
			buildActionMask = 2147483647;
			files = (
			);
			runOnlyForDeploymentPostprocessing = 0;
		};
/* End PBXResourcesBuildPhase section */

/* Begin PBXSourcesBuildPhase section */
		4DB7247F201D064C00D67B69 /* Sources */ = {
			isa = PBXSourcesBuildPhase;
			buildActionMask = 2147483647;
			files = (
				4DB72489201D064C00D67B69 /* LearnViewController.swift in Sources */,
				4DA4E4B72022366C009A8AAF /* PracticeViewController.swift in Sources */,
				4DB7248F201D064C00D67B69 /* Articulate.xcdatamodeld in Sources */,
				4D2CD4342022D9D90050EF57 /* SettingsViewController.swift in Sources */,
				4DB72487201D064C00D67B69 /* AppDelegate.swift in Sources */,
			);
			runOnlyForDeploymentPostprocessing = 0;
		};
		4DB72496201D064C00D67B69 /* Sources */ = {
			isa = PBXSourcesBuildPhase;
			buildActionMask = 2147483647;
			files = (
				4DB7249F201D064C00D67B69 /* ArticulateTests.swift in Sources */,
			);
			runOnlyForDeploymentPostprocessing = 0;
		};
		4DB724A1201D064C00D67B69 /* Sources */ = {
			isa = PBXSourcesBuildPhase;
			buildActionMask = 2147483647;
			files = (
				4DB724AA201D064C00D67B69 /* ArticulateUITests.swift in Sources */,
			);
			runOnlyForDeploymentPostprocessing = 0;
		};
/* End PBXSourcesBuildPhase section */

/* Begin PBXTargetDependency section */
		4DB7249C201D064C00D67B69 /* PBXTargetDependency */ = {
			isa = PBXTargetDependency;
			target = 4DB72482201D064C00D67B69 /* Articulate */;
			targetProxy = 4DB7249B201D064C00D67B69 /* PBXContainerItemProxy */;
		};
		4DB724A7201D064C00D67B69 /* PBXTargetDependency */ = {
			isa = PBXTargetDependency;
			target = 4DB72482201D064C00D67B69 /* Articulate */;
			targetProxy = 4DB724A6201D064C00D67B69 /* PBXContainerItemProxy */;
		};
/* End PBXTargetDependency section */

/* Begin PBXVariantGroup section */
		4DB7248A201D064C00D67B69 /* Main.storyboard */ = {
			isa = PBXVariantGroup;
			children = (
				4DB7248B201D064C00D67B69 /* Base */,
			);
			name = Main.storyboard;
			sourceTree = "<group>";
		};
		4DB72492201D064C00D67B69 /* LaunchScreen.storyboard */ = {
			isa = PBXVariantGroup;
			children = (
				4DB72493201D064C00D67B69 /* Base */,
			);
			name = LaunchScreen.storyboard;
			sourceTree = "<group>";
		};
/* End PBXVariantGroup section */

/* Begin XCBuildConfiguration section */
		4DB724AC201D064C00D67B69 /* Debug */ = {
			isa = XCBuildConfiguration;
			buildSettings = {
				ALWAYS_SEARCH_USER_PATHS = NO;
				CLANG_ANALYZER_NONNULL = YES;
				CLANG_ANALYZER_NUMBER_OBJECT_CONVERSION = YES_AGGRESSIVE;
				CLANG_CXX_LANGUAGE_STANDARD = "gnu++14";
				CLANG_CXX_LIBRARY = "libc++";
				CLANG_ENABLE_MODULES = YES;
				CLANG_ENABLE_OBJC_ARC = YES;
				CLANG_WARN_BLOCK_CAPTURE_AUTORELEASING = YES;
				CLANG_WARN_BOOL_CONVERSION = YES;
				CLANG_WARN_COMMA = YES;
				CLANG_WARN_CONSTANT_CONVERSION = YES;
				CLANG_WARN_DIRECT_OBJC_ISA_USAGE = YES_ERROR;
				CLANG_WARN_DOCUMENTATION_COMMENTS = YES;
				CLANG_WARN_EMPTY_BODY = YES;
				CLANG_WARN_ENUM_CONVERSION = YES;
				CLANG_WARN_INFINITE_RECURSION = YES;
				CLANG_WARN_INT_CONVERSION = YES;
				CLANG_WARN_NON_LITERAL_NULL_CONVERSION = YES;
				CLANG_WARN_OBJC_LITERAL_CONVERSION = YES;
				CLANG_WARN_OBJC_ROOT_CLASS = YES_ERROR;
				CLANG_WARN_RANGE_LOOP_ANALYSIS = YES;
				CLANG_WARN_STRICT_PROTOTYPES = YES;
				CLANG_WARN_SUSPICIOUS_MOVE = YES;
				CLANG_WARN_UNGUARDED_AVAILABILITY = YES_AGGRESSIVE;
				CLANG_WARN_UNREACHABLE_CODE = YES;
				CLANG_WARN__DUPLICATE_METHOD_MATCH = YES;
				CODE_SIGN_IDENTITY = "iPhone Developer";
				COPY_PHASE_STRIP = NO;
				DEBUG_INFORMATION_FORMAT = dwarf;
				ENABLE_STRICT_OBJC_MSGSEND = YES;
				ENABLE_TESTABILITY = YES;
				GCC_C_LANGUAGE_STANDARD = gnu11;
				GCC_DYNAMIC_NO_PIC = NO;
				GCC_NO_COMMON_BLOCKS = YES;
				GCC_OPTIMIZATION_LEVEL = 0;
				GCC_PREPROCESSOR_DEFINITIONS = (
					"DEBUG=1",
					"$(inherited)",
				);
				GCC_WARN_64_TO_32_BIT_CONVERSION = YES;
				GCC_WARN_ABOUT_RETURN_TYPE = YES_ERROR;
				GCC_WARN_UNDECLARED_SELECTOR = YES;
				GCC_WARN_UNINITIALIZED_AUTOS = YES_AGGRESSIVE;
				GCC_WARN_UNUSED_FUNCTION = YES;
				GCC_WARN_UNUSED_VARIABLE = YES;
				IPHONEOS_DEPLOYMENT_TARGET = 11.2;
				MTL_ENABLE_DEBUG_INFO = YES;
				ONLY_ACTIVE_ARCH = YES;
				SDKROOT = iphoneos;
				SWIFT_ACTIVE_COMPILATION_CONDITIONS = DEBUG;
				SWIFT_OPTIMIZATION_LEVEL = "-Onone";
			};
			name = Debug;
		};
		4DB724AD201D064C00D67B69 /* Release */ = {
			isa = XCBuildConfiguration;
			buildSettings = {
				ALWAYS_SEARCH_USER_PATHS = NO;
				CLANG_ANALYZER_NONNULL = YES;
				CLANG_ANALYZER_NUMBER_OBJECT_CONVERSION = YES_AGGRESSIVE;
				CLANG_CXX_LANGUAGE_STANDARD = "gnu++14";
				CLANG_CXX_LIBRARY = "libc++";
				CLANG_ENABLE_MODULES = YES;
				CLANG_ENABLE_OBJC_ARC = YES;
				CLANG_WARN_BLOCK_CAPTURE_AUTORELEASING = YES;
				CLANG_WARN_BOOL_CONVERSION = YES;
				CLANG_WARN_COMMA = YES;
				CLANG_WARN_CONSTANT_CONVERSION = YES;
				CLANG_WARN_DIRECT_OBJC_ISA_USAGE = YES_ERROR;
				CLANG_WARN_DOCUMENTATION_COMMENTS = YES;
				CLANG_WARN_EMPTY_BODY = YES;
				CLANG_WARN_ENUM_CONVERSION = YES;
				CLANG_WARN_INFINITE_RECURSION = YES;
				CLANG_WARN_INT_CONVERSION = YES;
				CLANG_WARN_NON_LITERAL_NULL_CONVERSION = YES;
				CLANG_WARN_OBJC_LITERAL_CONVERSION = YES;
				CLANG_WARN_OBJC_ROOT_CLASS = YES_ERROR;
				CLANG_WARN_RANGE_LOOP_ANALYSIS = YES;
				CLANG_WARN_STRICT_PROTOTYPES = YES;
				CLANG_WARN_SUSPICIOUS_MOVE = YES;
				CLANG_WARN_UNGUARDED_AVAILABILITY = YES_AGGRESSIVE;
				CLANG_WARN_UNREACHABLE_CODE = YES;
				CLANG_WARN__DUPLICATE_METHOD_MATCH = YES;
				CODE_SIGN_IDENTITY = "iPhone Developer";
				COPY_PHASE_STRIP = NO;
				DEBUG_INFORMATION_FORMAT = "dwarf-with-dsym";
				ENABLE_NS_ASSERTIONS = NO;
				ENABLE_STRICT_OBJC_MSGSEND = YES;
				GCC_C_LANGUAGE_STANDARD = gnu11;
				GCC_NO_COMMON_BLOCKS = YES;
				GCC_WARN_64_TO_32_BIT_CONVERSION = YES;
				GCC_WARN_ABOUT_RETURN_TYPE = YES_ERROR;
				GCC_WARN_UNDECLARED_SELECTOR = YES;
				GCC_WARN_UNINITIALIZED_AUTOS = YES_AGGRESSIVE;
				GCC_WARN_UNUSED_FUNCTION = YES;
				GCC_WARN_UNUSED_VARIABLE = YES;
				IPHONEOS_DEPLOYMENT_TARGET = 11.2;
				MTL_ENABLE_DEBUG_INFO = NO;
				SDKROOT = iphoneos;
				SWIFT_OPTIMIZATION_LEVEL = "-Owholemodule";
				VALIDATE_PRODUCT = YES;
			};
			name = Release;
		};
		4DB724AF201D064C00D67B69 /* Debug */ = {
			isa = XCBuildConfiguration;
			buildSettings = {
				ASSETCATALOG_COMPILER_APPICON_NAME = AppIcon;
				CODE_SIGN_STYLE = Automatic;
				DEVELOPMENT_TEAM = CU34ZKHKFR;
				INFOPLIST_FILE = Articulate/Info.plist;
				IPHONEOS_DEPLOYMENT_TARGET = 11.2;
				LD_RUNPATH_SEARCH_PATHS = "$(inherited) @executable_path/Frameworks";
				PRODUCT_BUNDLE_IDENTIFIER = ArticulateSpeakingApp;
				PRODUCT_NAME = "$(TARGET_NAME)";
				SWIFT_VERSION = 4.0;
				TARGETED_DEVICE_FAMILY = "1,2";
			};
			name = Debug;
		};
		4DB724B0201D064C00D67B69 /* Release */ = {
			isa = XCBuildConfiguration;
			buildSettings = {
				ASSETCATALOG_COMPILER_APPICON_NAME = AppIcon;
				CODE_SIGN_STYLE = Automatic;
				DEVELOPMENT_TEAM = CU34ZKHKFR;
				INFOPLIST_FILE = Articulate/Info.plist;
				IPHONEOS_DEPLOYMENT_TARGET = 11.2;
				LD_RUNPATH_SEARCH_PATHS = "$(inherited) @executable_path/Frameworks";
				PRODUCT_BUNDLE_IDENTIFIER = ArticulateSpeakingApp;
				PRODUCT_NAME = "$(TARGET_NAME)";
				SWIFT_VERSION = 4.0;
				TARGETED_DEVICE_FAMILY = "1,2";
			};
			name = Release;
		};
		4DB724B2201D064C00D67B69 /* Debug */ = {
			isa = XCBuildConfiguration;
			buildSettings = {
				ALWAYS_EMBED_SWIFT_STANDARD_LIBRARIES = YES;
				BUNDLE_LOADER = "$(TEST_HOST)";
				CODE_SIGN_STYLE = Automatic;
				DEVELOPMENT_TEAM = WTF78Y5LD9;
				INFOPLIST_FILE = ArticulateTests/Info.plist;
				LD_RUNPATH_SEARCH_PATHS = "$(inherited) @executable_path/Frameworks @loader_path/Frameworks";
				PRODUCT_BUNDLE_IDENTIFIER = test.ArticulateTests;
				PRODUCT_NAME = "$(TARGET_NAME)";
				SWIFT_VERSION = 4.0;
				TARGETED_DEVICE_FAMILY = "1,2";
				TEST_HOST = "$(BUILT_PRODUCTS_DIR)/Articulate.app/Articulate";
			};
			name = Debug;
		};
		4DB724B3201D064C00D67B69 /* Release */ = {
			isa = XCBuildConfiguration;
			buildSettings = {
				ALWAYS_EMBED_SWIFT_STANDARD_LIBRARIES = YES;
				BUNDLE_LOADER = "$(TEST_HOST)";
				CODE_SIGN_STYLE = Automatic;
				DEVELOPMENT_TEAM = WTF78Y5LD9;
				INFOPLIST_FILE = ArticulateTests/Info.plist;
				LD_RUNPATH_SEARCH_PATHS = "$(inherited) @executable_path/Frameworks @loader_path/Frameworks";
				PRODUCT_BUNDLE_IDENTIFIER = test.ArticulateTests;
				PRODUCT_NAME = "$(TARGET_NAME)";
				SWIFT_VERSION = 4.0;
				TARGETED_DEVICE_FAMILY = "1,2";
				TEST_HOST = "$(BUILT_PRODUCTS_DIR)/Articulate.app/Articulate";
			};
			name = Release;
		};
		4DB724B5201D064C00D67B69 /* Debug */ = {
			isa = XCBuildConfiguration;
			buildSettings = {
				ALWAYS_EMBED_SWIFT_STANDARD_LIBRARIES = YES;
				CODE_SIGN_STYLE = Automatic;
				DEVELOPMENT_TEAM = WTF78Y5LD9;
				INFOPLIST_FILE = ArticulateUITests/Info.plist;
				LD_RUNPATH_SEARCH_PATHS = "$(inherited) @executable_path/Frameworks @loader_path/Frameworks";
				PRODUCT_BUNDLE_IDENTIFIER = test.ArticulateUITests;
				PRODUCT_NAME = "$(TARGET_NAME)";
				SWIFT_VERSION = 4.0;
				TARGETED_DEVICE_FAMILY = "1,2";
				TEST_TARGET_NAME = Articulate;
			};
			name = Debug;
		};
		4DB724B6201D064C00D67B69 /* Release */ = {
			isa = XCBuildConfiguration;
			buildSettings = {
				ALWAYS_EMBED_SWIFT_STANDARD_LIBRARIES = YES;
				CODE_SIGN_STYLE = Automatic;
				DEVELOPMENT_TEAM = WTF78Y5LD9;
				INFOPLIST_FILE = ArticulateUITests/Info.plist;
				LD_RUNPATH_SEARCH_PATHS = "$(inherited) @executable_path/Frameworks @loader_path/Frameworks";
				PRODUCT_BUNDLE_IDENTIFIER = test.ArticulateUITests;
				PRODUCT_NAME = "$(TARGET_NAME)";
				SWIFT_VERSION = 4.0;
				TARGETED_DEVICE_FAMILY = "1,2";
				TEST_TARGET_NAME = Articulate;
			};
			name = Release;
		};
/* End XCBuildConfiguration section */

/* Begin XCConfigurationList section */
		4DB7247E201D064C00D67B69 /* Build configuration list for PBXProject "Articulate" */ = {
			isa = XCConfigurationList;
			buildConfigurations = (
				4DB724AC201D064C00D67B69 /* Debug */,
				4DB724AD201D064C00D67B69 /* Release */,
			);
			defaultConfigurationIsVisible = 0;
			defaultConfigurationName = Release;
		};
		4DB724AE201D064C00D67B69 /* Build configuration list for PBXNativeTarget "Articulate" */ = {
			isa = XCConfigurationList;
			buildConfigurations = (
				4DB724AF201D064C00D67B69 /* Debug */,
				4DB724B0201D064C00D67B69 /* Release */,
			);
			defaultConfigurationIsVisible = 0;
			defaultConfigurationName = Release;
		};
		4DB724B1201D064C00D67B69 /* Build configuration list for PBXNativeTarget "ArticulateTests" */ = {
			isa = XCConfigurationList;
			buildConfigurations = (
				4DB724B2201D064C00D67B69 /* Debug */,
				4DB724B3201D064C00D67B69 /* Release */,
			);
			defaultConfigurationIsVisible = 0;
			defaultConfigurationName = Release;
		};
		4DB724B4201D064C00D67B69 /* Build configuration list for PBXNativeTarget "ArticulateUITests" */ = {
			isa = XCConfigurationList;
			buildConfigurations = (
				4DB724B5201D064C00D67B69 /* Debug */,
				4DB724B6201D064C00D67B69 /* Release */,
			);
			defaultConfigurationIsVisible = 0;
			defaultConfigurationName = Release;
		};
/* End XCConfigurationList section */

/* Begin XCVersionGroup section */
		4DB7248D201D064C00D67B69 /* Articulate.xcdatamodeld */ = {
			isa = XCVersionGroup;
			children = (
				4DB7248E201D064C00D67B69 /* Articulate.xcdatamodel */,
			);
			currentVersion = 4DB7248E201D064C00D67B69 /* Articulate.xcdatamodel */;
			path = Articulate.xcdatamodeld;
			sourceTree = "<group>";
			versionGroupType = wrapper.xcdatamodel;
		};
/* End XCVersionGroup section */
	};
	rootObject = 4DB7247B201D064C00D67B69 /* Project object */;
}
